
Microsoft Visual Studio Solution File, Format Version 11.00
# Visual Studio 2010
Project("{FAE04EC0-301F-11D3-BF4B-00C04F79EFBC}") = "SimpleWebTransport", "SimpleWebTransport.csproj", "{4133b98e-4f74-a660-1917-b61d5f43ef4e}"
EndProject
Project("{FAE04EC0-301F-11D3-BF4B-00C04F79EFBC}") = "Assembly-CSharp", "Assembly-CSharp.csproj", "{97e51ebe-b5e3-8909-b7bb-bfddb8935cc1}"
EndProject
Project("{FAE04EC0-301F-11D3-BF4B-00C04F79EFBC}") = "Mirror", "Mirror.csproj", "{1b3faa08-5e81-d268-735a-7ef54661e1e1}"
EndProject
Project("{FAE04EC0-301F-11D3-BF4B-00C04F79EFBC}") = "Telepathy", "Telepathy.csproj", "{60f38525-46e9-51ac-1984-88e03ed2adea}"
EndProject
Project("{FAE04EC0-301F-11D3-BF4B-00C04F79EFBC}") = "Assembly-CSharp-firstpass", "Assembly-CSharp-firstpass.csproj", "{fa1d5c72-111a-c263-4c86-503fc6765f41}"
EndProject
Project("{FAE04EC0-301F-11D3-BF4B-00C04F79EFBC}") = "Mirror.Cloud", "Mirror.Cloud.csproj", "{28a35f6e-0803-7538-c0aa-ea2dc56ea926}"
EndProject
Project("{FAE04EC0-301F-11D3-BF4B-00C04F79EFBC}") = "Mirror.Components", "Mirror.Components.csproj", "{0545d089-0ea4-6c18-eb0d-070ccb37e78d}"
EndProject
Project("{FAE04EC0-301F-11D3-BF4B-00C04F79EFBC}") = "OEBIF", "OEBIF.csproj", "{50c641e3-2a63-4ded-4238-bf019e970b1e}"
EndProject
Project("{FAE04EC0-301F-11D3-BF4B-00C04F79EFBC}") = "kcp2k", "kcp2k.csproj", "{6dcd1eb8-cff4-49ee-a7ae-4822bded6702}"
EndProject
Project("{FAE04EC0-301F-11D3-BF4B-00C04F79EFBC}") = "Mirror.Authenticators", "Mirror.Authenticators.csproj", "{72390492-4306-49e1-fec3-1ea38db88931}"
EndProject
Project("{FAE04EC0-301F-11D3-BF4B-00C04F79EFBC}") = "Mirror.Weaver", "Mirror.Weaver.csproj", "{9bafbaf7-5b69-bf32-b2bf-593d6f5682b4}"
EndProject
Project("{FAE04EC0-301F-11D3-BF4B-00C04F79EFBC}") = "Mirror.Editor", "Mirror.Editor.csproj", "{8708e270-62b2-2c6f-cd59-eb6f874558fd}"
EndProject
Project("{FAE04EC0-301F-11D3-BF4B-00C04F79EFBC}") = "Assembly-CSharp-Editor-firstpass", "Assembly-CSharp-Editor-firstpass.csproj", "{8fba8ee6-0530-31f6-2b5b-a7a2d7878246}"
EndProject
Project("{FAE04EC0-301F-11D3-BF4B-00C04F79EFBC}") = "Assembly-CSharp-Editor", "Assembly-CSharp-Editor.csproj", "{0e7396c6-dce0-a0c3-34f7-abdfae220edb}"
EndProject
Project("{FAE04EC0-301F-11D3-BF4B-00C04F79EFBC}") = "Mirror.CompilerSymbols", "Mirror.CompilerSymbols.csproj", "{3c52f6a4-40d7-a02f-0e7d-f9a57658d7cc}"
EndProject
Global
	GlobalSection(SolutionConfigurationPlatforms) = preSolution
		Debug|Any CPU = Debug|Any CPU
		Release|Any CPU = Release|Any CPU
	EndGlobalSection
	GlobalSection(ProjectConfigurationPlatforms) = postSolution
		{4133b98e-4f74-a660-1917-b61d5f43ef4e}.Debug|Any CPU.ActiveCfg = Debug|Any CPU
		{4133b98e-4f74-a660-1917-b61d5f43ef4e}.Debug|Any CPU.Build.0 = Debug|Any CPU
		{4133b98e-4f74-a660-1917-b61d5f43ef4e}.Release|Any CPU.ActiveCfg = Release|Any CPU
		{4133b98e-4f74-a660-1917-b61d5f43ef4e}.Release|Any CPU.Build.0 = Release|Any CPU
		{97e51ebe-b5e3-8909-b7bb-bfddb8935cc1}.Debug|Any CPU.ActiveCfg = Debug|Any CPU
		{97e51ebe-b5e3-8909-b7bb-bfddb8935cc1}.Debug|Any CPU.Build.0 = Debug|Any CPU
		{97e51ebe-b5e3-8909-b7bb-bfddb8935cc1}.Release|Any CPU.ActiveCfg = Release|Any CPU
		{97e51ebe-b5e3-8909-b7bb-bfddb8935cc1}.Release|Any CPU.Build.0 = Release|Any CPU
		{1b3faa08-5e81-d268-735a-7ef54661e1e1}.Debug|Any CPU.ActiveCfg = Debug|Any CPU
		{1b3faa08-5e81-d268-735a-7ef54661e1e1}.Debug|Any CPU.Build.0 = Debug|Any CPU
		{1b3faa08-5e81-d268-735a-7ef54661e1e1}.Release|Any CPU.ActiveCfg = Release|Any CPU
		{1b3faa08-5e81-d268-735a-7ef54661e1e1}.Release|Any CPU.Build.0 = Release|Any CPU
		{60f38525-46e9-51ac-1984-88e03ed2adea}.Debug|Any CPU.ActiveCfg = Debug|Any CPU
		{60f38525-46e9-51ac-1984-88e03ed2adea}.Debug|Any CPU.Build.0 = Debug|Any CPU
		{60f38525-46e9-51ac-1984-88e03ed2adea}.Release|Any CPU.ActiveCfg = Release|Any CPU
		{60f38525-46e9-51ac-1984-88e03ed2adea}.Release|Any CPU.Build.0 = Release|Any CPU
		{fa1d5c72-111a-c263-4c86-503fc6765f41}.Debug|Any CPU.ActiveCfg = Debug|Any CPU
		{fa1d5c72-111a-c263-4c86-503fc6765f41}.Debug|Any CPU.Build.0 = Debug|Any CPU
		{fa1d5c72-111a-c263-4c86-503fc6765f41}.Release|Any CPU.ActiveCfg = Release|Any CPU
		{fa1d5c72-111a-c263-4c86-503fc6765f41}.Release|Any CPU.Build.0 = Release|Any CPU
		{28a35f6e-0803-7538-c0aa-ea2dc56ea926}.Debug|Any CPU.ActiveCfg = Debug|Any CPU
		{28a35f6e-0803-7538-c0aa-ea2dc56ea926}.Debug|Any CPU.Build.0 = Debug|Any CPU
		{28a35f6e-0803-7538-c0aa-ea2dc56ea926}.Release|Any CPU.ActiveCfg = Release|Any CPU
		{28a35f6e-0803-7538-c0aa-ea2dc56ea926}.Release|Any CPU.Build.0 = Release|Any CPU
		{0545d089-0ea4-6c18-eb0d-070ccb37e78d}.Debug|Any CPU.ActiveCfg = Debug|Any CPU
		{0545d089-0ea4-6c18-eb0d-070ccb37e78d}.Debug|Any CPU.Build.0 = Debug|Any CPU
		{0545d089-0ea4-6c18-eb0d-070ccb37e78d}.Release|Any CPU.ActiveCfg = Release|Any CPU
		{0545d089-0ea4-6c18-eb0d-070ccb37e78d}.Release|Any CPU.Build.0 = Release|Any CPU
		{50c641e3-2a63-4ded-4238-bf019e970b1e}.Debug|Any CPU.ActiveCfg = Debug|Any CPU
		{50c641e3-2a63-4ded-4238-bf019e970b1e}.Debug|Any CPU.Build.0 = Debug|Any CPU
		{50c641e3-2a63-4ded-4238-bf019e970b1e}.Release|Any CPU.ActiveCfg = Release|Any CPU
		{50c641e3-2a63-4ded-4238-bf019e970b1e}.Release|Any CPU.Build.0 = Release|Any CPU
		{6dcd1eb8-cff4-49ee-a7ae-4822bded6702}.Debug|Any CPU.ActiveCfg = Debug|Any CPU
		{6dcd1eb8-cff4-49ee-a7ae-4822bded6702}.Debug|Any CPU.Build.0 = Debug|Any CPU
		{6dcd1eb8-cff4-49ee-a7ae-4822bded6702}.Release|Any CPU.ActiveCfg = Release|Any CPU
		{6dcd1eb8-cff4-49ee-a7ae-4822bded6702}.Release|Any CPU.Build.0 = Release|Any CPU
		{72390492-4306-49e1-fec3-1ea38db88931}.Debug|Any CPU.ActiveCfg = Debug|Any CPU
		{72390492-4306-49e1-fec3-1ea38db88931}.Debug|Any CPU.Build.0 = Debug|Any CPU
		{72390492-4306-49e1-fec3-1ea38db88931}.Release|Any CPU.ActiveCfg = Release|Any CPU
		{72390492-4306-49e1-fec3-1ea38db88931}.Release|Any CPU.Build.0 = Release|Any CPU
		{9bafbaf7-5b69-bf32-b2bf-593d6f5682b4}.Debug|Any CPU.ActiveCfg = Debug|Any CPU
		{9bafbaf7-5b69-bf32-b2bf-593d6f5682b4}.Debug|Any CPU.Build.0 = Debug|Any CPU
		{9bafbaf7-5b69-bf32-b2bf-593d6f5682b4}.Release|Any CPU.ActiveCfg = Release|Any CPU
		{9bafbaf7-5b69-bf32-b2bf-593d6f5682b4}.Release|Any CPU.Build.0 = Release|Any CPU
		{8708e270-62b2-2c6f-cd59-eb6f874558fd}.Debug|Any CPU.ActiveCfg = Debug|Any CPU
		{8708e270-62b2-2c6f-cd59-eb6f874558fd}.Debug|Any CPU.Build.0 = Debug|Any CPU
		{8708e270-62b2-2c6f-cd59-eb6f874558fd}.Release|Any CPU.ActiveCfg = Release|Any CPU
		{8708e270-62b2-2c6f-cd59-eb6f874558fd}.Release|Any CPU.Build.0 = Release|Any CPU
		{8fba8ee6-0530-31f6-2b5b-a7a2d7878246}.Debug|Any CPU.ActiveCfg = Debug|Any CPU
		{8fba8ee6-0530-31f6-2b5b-a7a2d7878246}.Debug|Any CPU.Build.0 = Debug|Any CPU
		{8fba8ee6-0530-31f6-2b5b-a7a2d7878246}.Release|Any CPU.ActiveCfg = Release|Any CPU
		{8fba8ee6-0530-31f6-2b5b-a7a2d7878246}.Release|Any CPU.Build.0 = Release|Any CPU
		{0e7396c6-dce0-a0c3-34f7-abdfae220edb}.Debug|Any CPU.ActiveCfg = Debug|Any CPU
		{0e7396c6-dce0-a0c3-34f7-abdfae220edb}.Debug|Any CPU.Build.0 = Debug|Any CPU
		{0e7396c6-dce0-a0c3-34f7-abdfae220edb}.Release|Any CPU.ActiveCfg = Release|Any CPU
		{0e7396c6-dce0-a0c3-34f7-abdfae220edb}.Release|Any CPU.Build.0 = Release|Any CPU
		{3c52f6a4-40d7-a02f-0e7d-f9a57658d7cc}.Debug|Any CPU.ActiveCfg = Debug|Any CPU
		{3c52f6a4-40d7-a02f-0e7d-f9a57658d7cc}.Debug|Any CPU.Build.0 = Debug|Any CPU
		{3c52f6a4-40d7-a02f-0e7d-f9a57658d7cc}.Release|Any CPU.ActiveCfg = Release|Any CPU
		{3c52f6a4-40d7-a02f-0e7d-f9a57658d7cc}.Release|Any CPU.Build.0 = Release|Any CPU
	EndGlobalSection
	GlobalSection(SolutionProperties) = preSolution
		HideSolutionNode = FALSE
	EndGlobalSection
EndGlobal
