
Microsoft Visual Studio Solution File, Format Version 11.00
# Visual Studio 2010
Project("{FAE04EC0-301F-11D3-BF4B-00C04F79EFBC}") = "Assembly-CSharp", "Assembly-CSharp.csproj", "{97e51ebe-b5e3-8909-b7bb-bfddb8935cc1}"
EndProject
Project("{FAE04EC0-301F-11D3-BF4B-00C04F79EFBC}") = "Assembly-CSharp-Editor", "Assembly-CSharp-Editor.csproj", "{0e7396c6-dce0-a0c3-34f7-abdfae220edb}"
EndProject
Global
	GlobalSection(SolutionConfigurationPlatforms) = preSolution
		Debug|Any CPU = Debug|Any CPU
		Release|Any CPU = Release|Any CPU
	EndGlobalSection
	GlobalSection(ProjectConfigurationPlatforms) = postSolution
		{97e51ebe-b5e3-8909-b7bb-bfddb8935cc1}.Debug|Any CPU.ActiveCfg = Debug|Any CPU
		{97e51ebe-b5e3-8909-b7bb-bfddb8935cc1}.Debug|Any CPU.Build.0 = Debug|Any CPU
		{97e51ebe-b5e3-8909-b7bb-bfddb8935cc1}.Release|Any CPU.ActiveCfg = Release|Any CPU
		{97e51ebe-b5e3-8909-b7bb-bfddb8935cc1}.Release|Any CPU.Build.0 = Release|Any CPU
		{0e7396c6-dce0-a0c3-34f7-abdfae220edb}.Debug|Any CPU.ActiveCfg = Debug|Any CPU
		{0e7396c6-dce0-a0c3-34f7-abdfae220edb}.Debug|Any CPU.Build.0 = Debug|Any CPU
		{0e7396c6-dce0-a0c3-34f7-abdfae220edb}.Release|Any CPU.ActiveCfg = Release|Any CPU
		{0e7396c6-dce0-a0c3-34f7-abdfae220edb}.Release|Any CPU.Build.0 = Release|Any CPU
	EndGlobalSection
	GlobalSection(SolutionProperties) = preSolution
		HideSolutionNode = FALSE
	EndGlobalSection
EndGlobal
